
Microsoft Visual Studio Solution File, Format Version 12.00
# Visual Studio Version 17
VisualStudioVersion = 17.13.35931.197 d17.13
MinimumVisualStudioVersion = 10.0.40219.1
Project("{FAE04EC0-301F-11D3-BF4B-00C04F79EFBC}") = "car-rental-sales-desktop", "car-rental-sales-desktop.csproj", "{3B83CB13-14FC-FD55-3A56-D719F113505E}"
EndProject
Global
	GlobalSection(SolutionConfigurationPlatforms) = preSolution
		Debug|Any CPU = Debug|Any CPU
		Release|Any CPU = Release|Any CPU
	EndGlobalSection
	GlobalSection(ProjectConfigurationPlatforms) = postSolution
		{3B83CB13-14FC-FD55-3A56-D719F113505E}.Debug|Any CPU.ActiveCfg = Debug|Any CPU
		{3B83CB13-14FC-FD55-3A56-D719F113505E}.Debug|Any CPU.Build.0 = Debug|Any CPU
		{3B83CB13-14FC-FD55-3A56-D719F113505E}.Release|Any CPU.ActiveCfg = Release|Any CPU
		{3B83CB13-14FC-FD55-3A56-D719F113505E}.Release|Any CPU.Build.0 = Release|Any CPU
	EndGlobalSection
	GlobalSection(SolutionProperties) = preSolution
		HideSolutionNode = FALSE
	EndGlobalSection
	GlobalSection(ExtensibilityGlobals) = postSolution
		SolutionGuid = {B38C13BE-ACF3-496C-A4FA-F2C78B916F7D}
	EndGlobalSection
EndGlobal
